
Microsoft Visual Studio Solution File, Format Version 12.00
# Visual Studio Version 16
VisualStudioVersion = 16.0.30621.155
MinimumVisualStudioVersion = 10.0.40219.1
Project("{2150E333-8FDC-42A3-9474-1A3956D46DE8}") = "Intensive1", "Intensive1", "{8EA16779-500F-4675-A22B-895F108942C9}"
EndProject
Project("{FAE04EC0-301F-11D3-BF4B-00C04F79EFBC}") = "Ex01Crutches", "Ex01Crutches\Ex01Crutches.csproj", "{4835ECE3-34A3-40F8-B549-384989E60E25}"
EndProject
Project("{FAE04EC0-301F-11D3-BF4B-00C04F79EFBC}") = "Ex02Crutches", "Ex02Crutches\Ex02Crutches.csproj", "{A87BCB0B-5ADA-4C1A-9D2E-4C654BEFFDA2}"
EndProject
Project("{FAE04EC0-301F-11D3-BF4B-00C04F79EFBC}") = "Ex03Crutches", "Ex03Crutches\Ex03Crutches.csproj", "{FC38F528-84D7-4C58-8809-55767BDE3576}"
EndProject
Project("{FAE04EC0-301F-11D3-BF4B-00C04F79EFBC}") = "Ex00Crutches", "Ex00Crutches\Ex00Crutches.csproj", "{D2B3B123-2492-4081-BAF2-98EC0461CA29}"
EndProject
Project("{FAE04EC0-301F-11D3-BF4B-00C04F79EFBC}") = "Ex04Crutches", "Ex04Crutches\Ex04Crutches.csproj", "{FAFB3461-A320-4424-8B60-74E91653E1AD}"
EndProject
Project("{2150E333-8FDC-42A3-9474-1A3956D46DE8}") = "ToDo", "ToDo", "{F54393B2-B4EF-499D-983A-A5FB80B0844B}"
EndProject
Project("{FAE04EC0-301F-11D3-BF4B-00C04F79EFBC}") = "PlannerRevenge", "ToDo\PlannerRevenge\PlannerRevenge.csproj", "{C01B8316-8702-4C29-882E-58C314881F3C}"
EndProject
Project("{FAE04EC0-301F-11D3-BF4B-00C04F79EFBC}") = "PlannerRevengeWPF", "ToDo\PlannerRevenge_WPF\PlannerRevengeWPF.csproj", "{5BDBFD05-50D8-4321-A529-C44CBF43CBBE}"
EndProject
Project("{FAE04EC0-301F-11D3-BF4B-00C04F79EFBC}") = "PlannerRevengeLibrary", "ToDo\PlannerRevenge_Library\PlannerRevengeLibrary.csproj", "{B4AADBEF-D4BE-4803-841C-E0A6E79F4046}"
EndProject
Global
	GlobalSection(SolutionConfigurationPlatforms) = preSolution
		Debug|Any CPU = Debug|Any CPU
		Release|Any CPU = Release|Any CPU
	EndGlobalSection
	GlobalSection(ProjectConfigurationPlatforms) = postSolution
		{4835ECE3-34A3-40F8-B549-384989E60E25}.Debug|Any CPU.ActiveCfg = Debug|Any CPU
		{4835ECE3-34A3-40F8-B549-384989E60E25}.Debug|Any CPU.Build.0 = Debug|Any CPU
		{4835ECE3-34A3-40F8-B549-384989E60E25}.Release|Any CPU.ActiveCfg = Release|Any CPU
		{4835ECE3-34A3-40F8-B549-384989E60E25}.Release|Any CPU.Build.0 = Release|Any CPU
		{A87BCB0B-5ADA-4C1A-9D2E-4C654BEFFDA2}.Debug|Any CPU.ActiveCfg = Debug|Any CPU
		{A87BCB0B-5ADA-4C1A-9D2E-4C654BEFFDA2}.Debug|Any CPU.Build.0 = Debug|Any CPU
		{A87BCB0B-5ADA-4C1A-9D2E-4C654BEFFDA2}.Release|Any CPU.ActiveCfg = Release|Any CPU
		{A87BCB0B-5ADA-4C1A-9D2E-4C654BEFFDA2}.Release|Any CPU.Build.0 = Release|Any CPU
		{FC38F528-84D7-4C58-8809-55767BDE3576}.Debug|Any CPU.ActiveCfg = Debug|Any CPU
		{FC38F528-84D7-4C58-8809-55767BDE3576}.Debug|Any CPU.Build.0 = Debug|Any CPU
		{FC38F528-84D7-4C58-8809-55767BDE3576}.Release|Any CPU.ActiveCfg = Release|Any CPU
		{FC38F528-84D7-4C58-8809-55767BDE3576}.Release|Any CPU.Build.0 = Release|Any CPU
		{D2B3B123-2492-4081-BAF2-98EC0461CA29}.Debug|Any CPU.ActiveCfg = Debug|Any CPU
		{D2B3B123-2492-4081-BAF2-98EC0461CA29}.Debug|Any CPU.Build.0 = Debug|Any CPU
		{D2B3B123-2492-4081-BAF2-98EC0461CA29}.Release|Any CPU.ActiveCfg = Release|Any CPU
		{D2B3B123-2492-4081-BAF2-98EC0461CA29}.Release|Any CPU.Build.0 = Release|Any CPU
		{FAFB3461-A320-4424-8B60-74E91653E1AD}.Debug|Any CPU.ActiveCfg = Debug|Any CPU
		{FAFB3461-A320-4424-8B60-74E91653E1AD}.Debug|Any CPU.Build.0 = Debug|Any CPU
		{FAFB3461-A320-4424-8B60-74E91653E1AD}.Release|Any CPU.ActiveCfg = Release|Any CPU
		{FAFB3461-A320-4424-8B60-74E91653E1AD}.Release|Any CPU.Build.0 = Release|Any CPU
		{C01B8316-8702-4C29-882E-58C314881F3C}.Debug|Any CPU.ActiveCfg = Debug|Any CPU
		{C01B8316-8702-4C29-882E-58C314881F3C}.Debug|Any CPU.Build.0 = Debug|Any CPU
		{C01B8316-8702-4C29-882E-58C314881F3C}.Release|Any CPU.ActiveCfg = Release|Any CPU
		{C01B8316-8702-4C29-882E-58C314881F3C}.Release|Any CPU.Build.0 = Release|Any CPU
		{5BDBFD05-50D8-4321-A529-C44CBF43CBBE}.Debug|Any CPU.ActiveCfg = Debug|Any CPU
		{5BDBFD05-50D8-4321-A529-C44CBF43CBBE}.Debug|Any CPU.Build.0 = Debug|Any CPU
		{5BDBFD05-50D8-4321-A529-C44CBF43CBBE}.Release|Any CPU.ActiveCfg = Release|Any CPU
		{5BDBFD05-50D8-4321-A529-C44CBF43CBBE}.Release|Any CPU.Build.0 = Release|Any CPU
		{B4AADBEF-D4BE-4803-841C-E0A6E79F4046}.Debug|Any CPU.ActiveCfg = Debug|Any CPU
		{B4AADBEF-D4BE-4803-841C-E0A6E79F4046}.Debug|Any CPU.Build.0 = Debug|Any CPU
		{B4AADBEF-D4BE-4803-841C-E0A6E79F4046}.Release|Any CPU.ActiveCfg = Release|Any CPU
		{B4AADBEF-D4BE-4803-841C-E0A6E79F4046}.Release|Any CPU.Build.0 = Release|Any CPU
	EndGlobalSection
	GlobalSection(SolutionProperties) = preSolution
		HideSolutionNode = FALSE
	EndGlobalSection
	GlobalSection(NestedProjects) = preSolution
		{4835ECE3-34A3-40F8-B549-384989E60E25} = {8EA16779-500F-4675-A22B-895F108942C9}
		{A87BCB0B-5ADA-4C1A-9D2E-4C654BEFFDA2} = {8EA16779-500F-4675-A22B-895F108942C9}
		{FC38F528-84D7-4C58-8809-55767BDE3576} = {8EA16779-500F-4675-A22B-895F108942C9}
		{D2B3B123-2492-4081-BAF2-98EC0461CA29} = {8EA16779-500F-4675-A22B-895F108942C9}
		{FAFB3461-A320-4424-8B60-74E91653E1AD} = {8EA16779-500F-4675-A22B-895F108942C9}
		{F54393B2-B4EF-499D-983A-A5FB80B0844B} = {8EA16779-500F-4675-A22B-895F108942C9}
		{C01B8316-8702-4C29-882E-58C314881F3C} = {F54393B2-B4EF-499D-983A-A5FB80B0844B}
		{5BDBFD05-50D8-4321-A529-C44CBF43CBBE} = {F54393B2-B4EF-499D-983A-A5FB80B0844B}
		{B4AADBEF-D4BE-4803-841C-E0A6E79F4046} = {F54393B2-B4EF-499D-983A-A5FB80B0844B}
	EndGlobalSection
	GlobalSection(ExtensibilityGlobals) = postSolution
		SolutionGuid = {A0BBD083-9576-4452-9026-9A06BBFB937B}
	EndGlobalSection
EndGlobal
